// !$*UTF8*$!
{
	archiveVersion = 1;
	classes = {
	};
	objectVersion = 77;
	objects = {

/* Begin PBXBuildFile section */
		488868692FCF278B0054C6E6 /* MLXHuggingFace in Frameworks */ = {isa = PBXBuildFile; productRef = 488868682FCF278B0054C6E6 /* MLXHuggingFace */; };
		4888686B2FCF278B0054C6E6 /* MLXLLM in Frameworks */ = {isa = PBXBuildFile; productRef = 4888686A2FCF278B0054C6E6 /* MLXLLM */; };
		4888686D2FCF278B0054C6E6 /* MLXLMCommon in Frameworks */ = {isa = PBXBuildFile; productRef = 4888686C2FCF278B0054C6E6 /* MLXLMCommon */; };
		488868712FCF5A920054C6E6 /* HuggingFace in Frameworks */ = {isa = PBXBuildFile; productRef = 488868702FCF5A920054C6E6 /* HuggingFace */; };
		488868742FCF5A920054C6E6 /* Tokenizers in Frameworks */ = {isa = PBXBuildFile; productRef = 488868732FCF5A920054C6E6 /* Tokenizers */; };
		901F2FB92DE2819F003BC300 /* .gitignore in Resources */ = {isa = PBXBuildFile; fileRef = 901F2FB82DE28199003BC300 /* .gitignore */; };
/* End PBXBuildFile section */

/* Begin PBXContainerItemProxy section */
		90B0C6EB2DE179F2004705DD /* PBXContainerItemProxy */ = {
			isa = PBXContainerItemProxy;
			containerPortal = 90B0C6CE2DE179F1004705DD /* Project object */;
			proxyType = 1;
			remoteGlobalIDString = 90B0C6D52DE179F1004705DD;
			remoteInfo = ProjectMayaIOS;
		};
		90B0C6F52DE179F2004705DD /* PBXContainerItemProxy */ = {
			isa = PBXContainerItemProxy;
			containerPortal = 90B0C6CE2DE179F1004705DD /* Project object */;
			proxyType = 1;
			remoteGlobalIDString = 90B0C6D52DE179F1004705DD;
			remoteInfo = ProjectMayaIOS;
		};
/* End PBXContainerItemProxy section */

/* Begin PBXFileReference section */
		901F2FB82DE28199003BC300 /* .gitignore */ = {isa = PBXFileReference; lastKnownFileType = text; path = .gitignore; sourceTree = "<group>"; };
		90B0C6D62DE179F1004705DD /* ProjectMayaIOS.app */ = {isa = PBXFileReference; explicitFileType = wrapper.application; includeInIndex = 0; path = ProjectMayaIOS.app; sourceTree = BUILT_PRODUCTS_DIR; };
		90B0C6EA2DE179F2004705DD /* ProjectMayaIOSTests.xctest */ = {isa = PBXFileReference; explicitFileType = wrapper.cfbundle; includeInIndex = 0; path = ProjectMayaIOSTests.xctest; sourceTree = BUILT_PRODUCTS_DIR; };
		90B0C6F42DE179F2004705DD /* ProjectMayaIOSUITests.xctest */ = {isa = PBXFileReference; explicitFileType = wrapper.cfbundle; includeInIndex = 0; path = ProjectMayaIOSUITests.xctest; sourceTree = BUILT_PRODUCTS_DIR; };
/* End PBXFileReference section */

/* Begin PBXFileSystemSynchronizedBuildFileExceptionSet section */
		90B0C6FC2DE179F2004705DD /* Exceptions for "ProjectMayaIOS" folder in "ProjectMayaIOS" target */ = {
			isa = PBXFileSystemSynchronizedBuildFileExceptionSet;
			membershipExceptions = (
				Info.plist,
			);
			target = 90B0C6D52DE179F1004705DD /* ProjectMayaIOS */;
		};
/* End PBXFileSystemSynchronizedBuildFileExceptionSet section */

/* Begin PBXFileSystemSynchronizedRootGroup section */
		90B0C6D82DE179F1004705DD /* ProjectMayaIOS */ = {
			isa = PBXFileSystemSynchronizedRootGroup;
			exceptions = (
				90B0C6FC2DE179F2004705DD /* Exceptions for "ProjectMayaIOS" folder in "ProjectMayaIOS" target */,
			);
			path = ProjectMayaIOS;
			sourceTree = "<group>";
		};
		90B0C6ED2DE179F2004705DD /* ProjectMayaIOSTests */ = {
			isa = PBXFileSystemSynchronizedRootGroup;
			path = ProjectMayaIOSTests;
			sourceTree = "<group>";
		};
		90B0C6F72DE179F2004705DD /* ProjectMayaIOSUITests */ = {
			isa = PBXFileSystemSynchronizedRootGroup;
			path = ProjectMayaIOSUITests;
			sourceTree = "<group>";
		};
/* End PBXFileSystemSynchronizedRootGroup section */

/* Begin PBXFrameworksBuildPhase section */
		90B0C6D32DE179F1004705DD /* Frameworks */ = {
			isa = PBXFrameworksBuildPhase;
			buildActionMask = 2147483647;
			files = (
				4888686B2FCF278B0054C6E6 /* MLXLLM in Frameworks */,
				4888686D2FCF278B0054C6E6 /* MLXLMCommon in Frameworks */,
				488868692FCF278B0054C6E6 /* MLXHuggingFace in Frameworks */,
				488868712FCF5A920054C6E6 /* HuggingFace in Frameworks */,
				488868742FCF5A920054C6E6 /* Tokenizers in Frameworks */,
			);
			runOnlyForDeploymentPostprocessing = 0;
		};
		90B0C6E72DE179F2004705DD /* Frameworks */ = {
			isa = PBXFrameworksBuildPhase;
			buildActionMask = 2147483647;
			files = (
			);
			runOnlyForDeploymentPostprocessing = 0;
		};
		90B0C6F12DE179F2004705DD /* Frameworks */ = {
			isa = PBXFrameworksBuildPhase;
			buildActionMask = 2147483647;
			files = (
			);
			runOnlyForDeploymentPostprocessing = 0;
		};
/* End PBXFrameworksBuildPhase section */

/* Begin PBXGroup section */
		90B0C6CD2DE179F0004705DD = {
			isa = PBXGroup;
			children = (
				901F2FB82DE28199003BC300 /* .gitignore */,
				90B0C6D82DE179F1004705DD /* ProjectMayaIOS */,
				90B0C6ED2DE179F2004705DD /* ProjectMayaIOSTests */,
				90B0C6F72DE179F2004705DD /* ProjectMayaIOSUITests */,
				90B0C6D72DE179F1004705DD /* Products */,
			);
			sourceTree = "<group>";
		};
		90B0C6D72DE179F1004705DD /* Products */ = {
			isa = PBXGroup;
			children = (
				90B0C6D62DE179F1004705DD /* ProjectMayaIOS.app */,
				90B0C6EA2DE179F2004705DD /* ProjectMayaIOSTests.xctest */,
				90B0C6F42DE179F2004705DD /* ProjectMayaIOSUITests.xctest */,
			);
			name = Products;
			sourceTree = "<group>";
		};
/* End PBXGroup section */

/* Begin PBXNativeTarget section */
		90B0C6D52DE179F1004705DD /* ProjectMayaIOS */ = {
			isa = PBXNativeTarget;
			buildConfigurationList = 90B0C6FD2DE179F2004705DD /* Build configuration list for PBXNativeTarget "ProjectMayaIOS" */;
			buildPhases = (
				90B0C6D22DE179F1004705DD /* Sources */,
				90B0C6D32DE179F1004705DD /* Frameworks */,
				90B0C6D42DE179F1004705DD /* Resources */,
			);
			buildRules = (
			);
			dependencies = (
			);
			fileSystemSynchronizedGroups = (
				90B0C6D82DE179F1004705DD /* ProjectMayaIOS */,
			);
			name = ProjectMayaIOS;
			packageProductDependencies = (
				488868682FCF278B0054C6E6 /* MLXHuggingFace */,
				4888686A2FCF278B0054C6E6 /* MLXLLM */,
				4888686C2FCF278B0054C6E6 /* MLXLMCommon */,
				488868702FCF5A920054C6E6 /* HuggingFace */,
				488868732FCF5A920054C6E6 /* Tokenizers */,
			);
			productName = ProjectMayaIOS;
			productReference = 90B0C6D62DE179F1004705DD /* ProjectMayaIOS.app */;
			productType = "com.apple.product-type.application";
		};
		90B0C6E92DE179F2004705DD /* ProjectMayaIOSTests */ = {
			isa = PBXNativeTarget;
			buildConfigurationList = 90B0C7022DE179F2004705DD /* Build configuration list for PBXNativeTarget "ProjectMayaIOSTests" */;
			buildPhases = (
				90B0C6E62DE179F2004705DD /* Sources */,
				90B0C6E72DE179F2004705DD /* Frameworks */,
				90B0C6E82DE179F2004705DD /* Resources */,
			);
			buildRules = (
			);
			dependencies = (
				90B0C6EC2DE179F2004705DD /* PBXTargetDependency */,
			);
			fileSystemSynchronizedGroups = (
				90B0C6ED2DE179F2004705DD /* ProjectMayaIOSTests */,
			);
			name = ProjectMayaIOSTests;
			packageProductDependencies = (
			);
			productName = ProjectMayaIOSTests;
			productReference = 90B0C6EA2DE179F2004705DD /* ProjectMayaIOSTests.xctest */;
			productType = "com.apple.product-type.bundle.unit-test";
		};
		90B0C6F32DE179F2004705DD /* ProjectMayaIOSUITests */ = {
			isa = PBXNativeTarget;
			buildConfigurationList = 90B0C7052DE179F2004705DD /* Build configuration list for PBXNativeTarget "ProjectMayaIOSUITests" */;
			buildPhases = (
				90B0C6F02DE179F2004705DD /* Sources */,
				90B0C6F12DE179F2004705DD /* Frameworks */,
				90B0C6F22DE179F2004705DD /* Resources */,
			);
			buildRules = (
			);
			dependencies = (
				90B0C6F62DE179F2004705DD /* PBXTargetDependency */,
			);
			fileSystemSynchronizedGroups = (
				90B0C6F72DE179F2004705DD /* ProjectMayaIOSUITests */,
			);
			name = ProjectMayaIOSUITests;
			packageProductDependencies = (
			);
			productName = ProjectMayaIOSUITests;
			productReference = 90B0C6F42DE179F2004705DD /* ProjectMayaIOSUITests.xctest */;
			productType = "com.apple.product-type.bundle.ui-testing";
		};
/* End PBXNativeTarget section */

/* Begin PBXProject section */
		90B0C6CE2DE179F1004705DD /* Project object */ = {
			isa = PBXProject;
			attributes = {
				BuildIndependentTargetsInParallel = 1;
				LastSwiftUpdateCheck = 1630;
				LastUpgradeCheck = 1630;
				TargetAttributes = {
					90B0C6D52DE179F1004705DD = {
						CreatedOnToolsVersion = 16.3;
					};
					90B0C6E92DE179F2004705DD = {
						CreatedOnToolsVersion = 16.3;
						TestTargetID = 90B0C6D52DE179F1004705DD;
					};
					90B0C6F32DE179F2004705DD = {
						CreatedOnToolsVersion = 16.3;
						TestTargetID = 90B0C6D52DE179F1004705DD;
					};
				};
			};
			buildConfigurationList = 90B0C6D12DE179F1004705DD /* Build configuration list for PBXProject "ProjectMayaIOS" */;
			developmentRegion = en;
			hasScannedForEncodings = 0;
			knownRegions = (
				en,
				Base,
				"zh-Hans",
			);
			mainGroup = 90B0C6CD2DE179F0004705DD;
			minimizedProjectReferenceProxies = 1;
			packageReferences = (
				90B0C73E2DE17F42004705DD /* XCRemoteSwiftPackageReference "Inject" */,
				488868612FCF278B0054C6E6 /* XCRemoteSwiftPackageReference "mlx-swift-lm" */,
				488868722FCF5A920054C6E6 /* XCRemoteSwiftPackageReference "swift-transformers" */,
				488868752FCF5A920054C6E6 /* XCRemoteSwiftPackageReference "swift-huggingface" */,
			);
			preferredProjectObjectVersion = 77;
			productRefGroup = 90B0C6D72DE179F1004705DD /* Products */;
			projectDirPath = "";
			projectRoot = "";
			targets = (
				90B0C6D52DE179F1004705DD /* ProjectMayaIOS */,
				90B0C6E92DE179F2004705DD /* ProjectMayaIOSTests */,
				90B0C6F32DE179F2004705DD /* ProjectMayaIOSUITests */,
			);
		};
/* End PBXProject section */

/* Begin PBXResourcesBuildPhase section */
		90B0C6D42DE179F1004705DD /* Resources */ = {
			isa = PBXResourcesBuildPhase;
			buildActionMask = 2147483647;
			files = (
				901F2FB92DE2819F003BC300 /* .gitignore in Resources */,
			);
			runOnlyForDeploymentPostprocessing = 0;
		};
		90B0C6E82DE179F2004705DD /* Resources */ = {
			isa = PBXResourcesBuildPhase;
			buildActionMask = 2147483647;
			files = (
			);
			runOnlyForDeploymentPostprocessing = 0;
		};
		90B0C6F22DE179F2004705DD /* Resources */ = {
			isa = PBXResourcesBuildPhase;
			buildActionMask = 2147483647;
			files = (
			);
			runOnlyForDeploymentPostprocessing = 0;
		};
/* End PBXResourcesBuildPhase section */

/* Begin PBXSourcesBuildPhase section */
		90B0C6D22DE179F1004705DD /* Sources */ = {
			isa = PBXSourcesBuildPhase;
			buildActionMask = 2147483647;
			files = (
			);
			runOnlyForDeploymentPostprocessing = 0;
		};
		90B0C6E62DE179F2004705DD /* Sources */ = {
			isa = PBXSourcesBuildPhase;
			buildActionMask = 2147483647;
			files = (
			);
			runOnlyForDeploymentPostprocessing = 0;
		};
		90B0C6F02DE179F2004705DD /* Sources */ = {
			isa = PBXSourcesBuildPhase;
			buildActionMask = 2147483647;
			files = (
			);
			runOnlyForDeploymentPostprocessing = 0;
		};
/* End PBXSourcesBuildPhase section */

/* Begin PBXTargetDependency section */
		90B0C6EC2DE179F2004705DD /* PBXTargetDependency */ = {
			isa = PBXTargetDependency;
			target = 90B0C6D52DE179F1004705DD /* ProjectMayaIOS */;
			targetProxy = 90B0C6EB2DE179F2004705DD /* PBXContainerItemProxy */;
		};
		90B0C6F62DE179F2004705DD /* PBXTargetDependency */ = {
			isa = PBXTargetDependency;
			target = 90B0C6D52DE179F1004705DD /* ProjectMayaIOS */;
			targetProxy = 90B0C6F52DE179F2004705DD /* PBXContainerItemProxy */;
		};
/* End PBXTargetDependency section */

/* Begin XCBuildConfiguration section */
		90B0C6FE2DE179F2004705DD /* Debug */ = {
			isa = XCBuildConfiguration;
			buildSettings = {
				ASSETCATALOG_COMPILER_APPICON_NAME = AppIcon;
				ASSETCATALOG_COMPILER_GLOBAL_ACCENT_COLOR_NAME = AccentColor;
				CODE_SIGN_ENTITLEMENTS = ProjectMayaIOS/ProjectMayaIOS.entitlements;
				CODE_SIGN_IDENTITY = "Apple Development";
				CODE_SIGN_STYLE = Automatic;
				CURRENT_PROJECT_VERSION = 1;
				DEVELOPMENT_TEAM = 4T6BNZPAJB;
				ENABLE_PREVIEWS = YES;
				GENERATE_INFOPLIST_FILE = YES;
				INFOPLIST_FILE = ProjectMayaIOS/Info.plist;
				INFOPLIST_KEY_CFBundleDisplayName = Platy;
				INFOPLIST_KEY_LSApplicationCategoryType = "public.app-category.travel";
				INFOPLIST_KEY_NSCameraUsageDescription = "We need camera access to take photos.";
				INFOPLIST_KEY_NSPhotoLibraryUsageDescription = "We need photo library access to import menu images.";
				INFOPLIST_KEY_UIApplicationSceneManifest_Generation = YES;
				INFOPLIST_KEY_UIApplicationSupportsIndirectInputEvents = YES;
				INFOPLIST_KEY_UILaunchScreen_Generation = YES;
				INFOPLIST_KEY_UISupportedInterfaceOrientations_iPad = "UIInterfaceOrientationPortrait UIInterfaceOrientationPortraitUpsideDown UIInterfaceOrientationLandscapeLeft UIInterfaceOrientationLandscapeRight";
				INFOPLIST_KEY_UISupportedInterfaceOrientations_iPhone = "UIInterfaceOrientationPortrait UIInterfaceOrientationLandscapeLeft UIInterfaceOrientationLandscapeRight";
				IPHONEOS_DEPLOYMENT_TARGET = 18.0;
				LD_RUNPATH_SEARCH_PATHS = (
					"$(inherited)",
					"@executable_path/Frameworks",
				);
				MARKETING_VERSION = 1.0;
				PRODUCT_BUNDLE_IDENTIFIER = lunex.ProjectMayaIOSrv;
				PRODUCT_NAME = "$(TARGET_NAME)";
				PROVISIONING_PROFILE_SPECIFIER = "";
				SWIFT_EMIT_LOC_STRINGS = YES;
				SWIFT_VERSION = 5.0;
				TARGETED_DEVICE_FAMILY = "1,2";
			};
			name = Debug;
		};
		90B0C6FF2DE179F2004705DD /* Release */ = {
			isa = XCBuildConfiguration;
			buildSettings = {
				ASSETCATALOG_COMPILER_APPICON_NAME = AppIcon;
				ASSETCATALOG_COMPILER_GLOBAL_ACCENT_COLOR_NAME = AccentColor;
				CODE_SIGN_ENTITLEMENTS = ProjectMayaIOS/ProjectMayaIOS.entitlements;
				CODE_SIGN_IDENTITY = "Apple Development";
				CODE_SIGN_STYLE = Automatic;
				CURRENT_PROJECT_VERSION = 1;
				DEVELOPMENT_TEAM = 4T6BNZPAJB;
				ENABLE_PREVIEWS = YES;
				GENERATE_INFOPLIST_FILE = YES;
				INFOPLIST_FILE = ProjectMayaIOS/Info.plist;
				INFOPLIST_KEY_CFBundleDisplayName = Platy;
				INFOPLIST_KEY_LSApplicationCategoryType = "public.app-category.travel";
				INFOPLIST_KEY_NSCameraUsageDescription = "We need camera access to take photos.";
				INFOPLIST_KEY_NSPhotoLibraryUsageDescription = "We need photo library access to import menu images.";
				INFOPLIST_KEY_UIApplicationSceneManifest_Generation = YES;
				INFOPLIST_KEY_UIApplicationSupportsIndirectInputEvents = YES;
				INFOPLIST_KEY_UILaunchScreen_Generation = YES;
				INFOPLIST_KEY_UISupportedInterfaceOrientations_iPad = "UIInterfaceOrientationPortrait UIInterfaceOrientationPortraitUpsideDown UIInterfaceOrientationLandscapeLeft UIInterfaceOrientationLandscapeRight";
				INFOPLIST_KEY_UISupportedInterfaceOrientations_iPhone = "UIInterfaceOrientationPortrait UIInterfaceOrientationLandscapeLeft UIInterfaceOrientationLandscapeRight";
				IPHONEOS_DEPLOYMENT_TARGET = 18.0;
				LD_RUNPATH_SEARCH_PATHS = (
					"$(inherited)",
					"@executable_path/Frameworks",
				);
				MARKETING_VERSION = 1.0;
				PRODUCT_BUNDLE_IDENTIFIER = lunex.ProjectMayaIOSrv;
				PRODUCT_NAME = "$(TARGET_NAME)";
				PROVISIONING_PROFILE_SPECIFIER = "";
				SWIFT_EMIT_LOC_STRINGS = YES;
				SWIFT_VERSION = 5.0;
				TARGETED_DEVICE_FAMILY = "1,2";
			};
			name = Release;
		};
		90B0C7002DE179F2004705DD /* Debug */ = {
			isa = XCBuildConfiguration;
			buildSettings = {
				ALWAYS_SEARCH_USER_PATHS = NO;
				ASSETCATALOG_COMPILER_GENERATE_SWIFT_ASSET_SYMBOL_EXTENSIONS = YES;
				CLANG_ANALYZER_NONNULL = YES;
				CLANG_ANALYZER_NUMBER_OBJECT_CONVERSION = YES_AGGRESSIVE;
				CLANG_CXX_LANGUAGE_STANDARD = "gnu++20";
				CLANG_ENABLE_MODULES = YES;
				CLANG_ENABLE_OBJC_ARC = YES;
				CLANG_ENABLE_OBJC_WEAK = YES;
				CLANG_WARN_BLOCK_CAPTURE_AUTORELEASING = YES;
				CLANG_WARN_BOOL_CONVERSION = YES;
				CLANG_WARN_COMMA = YES;
				CLANG_WARN_CONSTANT_CONVERSION = YES;
				CLANG_WARN_DEPRECATED_OBJC_IMPLEMENTATIONS = YES;
				CLANG_WARN_DIRECT_OBJC_ISA_USAGE = YES_ERROR;
				CLANG_WARN_DOCUMENTATION_COMMENTS = YES;
				CLANG_WARN_EMPTY_BODY = YES;
				CLANG_WARN_ENUM_CONVERSION = YES;
				CLANG_WARN_INFINITE_RECURSION = YES;
				CLANG_WARN_INT_CONVERSION = YES;
				CLANG_WARN_NON_LITERAL_NULL_CONVERSION = YES;
				CLANG_WARN_OBJC_IMPLICIT_RETAIN_SELF = YES;
				CLANG_WARN_OBJC_LITERAL_CONVERSION = YES;
				CLANG_WARN_OBJC_ROOT_CLASS = YES_ERROR;
				CLANG_WARN_QUOTED_INCLUDE_IN_FRAMEWORK_HEADER = YES;
				CLANG_WARN_RANGE_LOOP_ANALYSIS = YES;
				CLANG_WARN_STRICT_PROTOTYPES = YES;
				CLANG_WARN_SUSPICIOUS_MOVE = YES;
				CLANG_WARN_UNGUARDED_AVAILABILITY = YES_AGGRESSIVE;
				CLANG_WARN_UNREACHABLE_CODE = YES;
				CLANG_WARN__DUPLICATE_METHOD_MATCH = YES;
				COPY_PHASE_STRIP = NO;
				DEBUG_INFORMATION_FORMAT = dwarf;
				ENABLE_STRICT_OBJC_MSGSEND = YES;
				ENABLE_TESTABILITY = YES;
				ENABLE_USER_SCRIPT_SANDBOXING = YES;
				GCC_C_LANGUAGE_STANDARD = gnu17;
				GCC_DYNAMIC_NO_PIC = NO;
				GCC_NO_COMMON_BLOCKS = YES;
				GCC_OPTIMIZATION_LEVEL = 0;
				GCC_PREPROCESSOR_DEFINITIONS = (
					"DEBUG=1",
					"$(inherited)",
				);
				GCC_WARN_64_TO_32_BIT_CONVERSION = YES;
				GCC_WARN_ABOUT_RETURN_TYPE = YES_ERROR;
				GCC_WARN_UNDECLARED_SELECTOR = YES;
				GCC_WARN_UNINITIALIZED_AUTOS = YES_AGGRESSIVE;
				GCC_WARN_UNUSED_FUNCTION = YES;
				GCC_WARN_UNUSED_VARIABLE = YES;
				IPHONEOS_DEPLOYMENT_TARGET = 18.4;
				LOCALIZATION_PREFERS_STRING_CATALOGS = YES;
				MTL_ENABLE_DEBUG_INFO = INCLUDE_SOURCE;
				MTL_FAST_MATH = YES;
				ONLY_ACTIVE_ARCH = YES;
				SDKROOT = iphoneos;
				SWIFT_ACTIVE_COMPILATION_CONDITIONS = "DEBUG $(inherited)";
				SWIFT_OPTIMIZATION_LEVEL = "-Onone";
			};
			name = Debug;
		};
		90B0C7012DE179F2004705DD /* Release */ = {
			isa = XCBuildConfiguration;
			buildSettings = {
				ALWAYS_SEARCH_USER_PATHS = NO;
				ASSETCATALOG_COMPILER_GENERATE_SWIFT_ASSET_SYMBOL_EXTENSIONS = YES;
				CLANG_ANALYZER_NONNULL = YES;
				CLANG_ANALYZER_NUMBER_OBJECT_CONVERSION = YES_AGGRESSIVE;
				CLANG_CXX_LANGUAGE_STANDARD = "gnu++20";
				CLANG_ENABLE_MODULES = YES;
				CLANG_ENABLE_OBJC_ARC = YES;
				CLANG_ENABLE_OBJC_WEAK = YES;
				CLANG_WARN_BLOCK_CAPTURE_AUTORELEASING = YES;
				CLANG_WARN_BOOL_CONVERSION = YES;
				CLANG_WARN_COMMA = YES;
				CLANG_WARN_CONSTANT_CONVERSION = YES;
				CLANG_WARN_DEPRECATED_OBJC_IMPLEMENTATIONS = YES;
				CLANG_WARN_DIRECT_OBJC_ISA_USAGE = YES_ERROR;
				CLANG_WARN_DOCUMENTATION_COMMENTS = YES;
				CLANG_WARN_EMPTY_BODY = YES;
				CLANG_WARN_ENUM_CONVERSION = YES;
				CLANG_WARN_INFINITE_RECURSION = YES;
				CLANG_WARN_INT_CONVERSION = YES;
				CLANG_WARN_NON_LITERAL_NULL_CONVERSION = YES;
				CLANG_WARN_OBJC_IMPLICIT_RETAIN_SELF = YES;
				CLANG_WARN_OBJC_LITERAL_CONVERSION = YES;
				CLANG_WARN_OBJC_ROOT_CLASS = YES_ERROR;
				CLANG_WARN_QUOTED_INCLUDE_IN_FRAMEWORK_HEADER = YES;
				CLANG_WARN_RANGE_LOOP_ANALYSIS = YES;
				CLANG_WARN_STRICT_PROTOTYPES = YES;
				CLANG_WARN_SUSPICIOUS_MOVE = YES;
				CLANG_WARN_UNGUARDED_AVAILABILITY = YES_AGGRESSIVE;
				CLANG_WARN_UNREACHABLE_CODE = YES;
				CLANG_WARN__DUPLICATE_METHOD_MATCH = YES;
				COPY_PHASE_STRIP = NO;
				DEBUG_INFORMATION_FORMAT = "dwarf-with-dsym";
				ENABLE_NS_ASSERTIONS = NO;
				ENABLE_STRICT_OBJC_MSGSEND = YES;
				ENABLE_USER_SCRIPT_SANDBOXING = YES;
				GCC_C_LANGUAGE_STANDARD = gnu17;
				GCC_NO_COMMON_BLOCKS = YES;
				GCC_WARN_64_TO_32_BIT_CONVERSION = YES;
				GCC_WARN_ABOUT_RETURN_TYPE = YES_ERROR;
				GCC_WARN_UNDECLARED_SELECTOR = YES;
				GCC_WARN_UNINITIALIZED_AUTOS = YES_AGGRESSIVE;
				GCC_WARN_UNUSED_FUNCTION = YES;
				GCC_WARN_UNUSED_VARIABLE = YES;
				IPHONEOS_DEPLOYMENT_TARGET = 18.4;
				LOCALIZATION_PREFERS_STRING_CATALOGS = YES;
				MTL_ENABLE_DEBUG_INFO = NO;
				MTL_FAST_MATH = YES;
				SDKROOT = iphoneos;
				SWIFT_COMPILATION_MODE = wholemodule;
				VALIDATE_PRODUCT = YES;
			};
			name = Release;
		};
		90B0C7032DE179F2004705DD /* Debug */ = {
			isa = XCBuildConfiguration;
			buildSettings = {
				BUNDLE_LOADER = "$(TEST_HOST)";
				CODE_SIGN_STYLE = Automatic;
				CURRENT_PROJECT_VERSION = 1;
				GENERATE_INFOPLIST_FILE = YES;
				IPHONEOS_DEPLOYMENT_TARGET = 18.4;
				MARKETING_VERSION = 1.0;
				PRODUCT_BUNDLE_IDENTIFIER = com.example.ProjectMayaIOSTests;
				PRODUCT_NAME = "$(TARGET_NAME)";
				SWIFT_EMIT_LOC_STRINGS = NO;
				SWIFT_VERSION = 5.0;
				TARGETED_DEVICE_FAMILY = "1,2";
				TEST_HOST = "$(BUILT_PRODUCTS_DIR)/ProjectMayaIOS.app/$(BUNDLE_EXECUTABLE_FOLDER_PATH)/ProjectMayaIOS";
			};
			name = Debug;
		};
		90B0C7042DE179F2004705DD /* Release */ = {
			isa = XCBuildConfiguration;
			buildSettings = {
				BUNDLE_LOADER = "$(TEST_HOST)";
				CODE_SIGN_STYLE = Automatic;
				CURRENT_PROJECT_VERSION = 1;
				GENERATE_INFOPLIST_FILE = YES;
				IPHONEOS_DEPLOYMENT_TARGET = 18.4;
				MARKETING_VERSION = 1.0;
				PRODUCT_BUNDLE_IDENTIFIER = com.example.ProjectMayaIOSTests;
				PRODUCT_NAME = "$(TARGET_NAME)";
				SWIFT_EMIT_LOC_STRINGS = NO;
				SWIFT_VERSION = 5.0;
				TARGETED_DEVICE_FAMILY = "1,2";
				TEST_HOST = "$(BUILT_PRODUCTS_DIR)/ProjectMayaIOS.app/$(BUNDLE_EXECUTABLE_FOLDER_PATH)/ProjectMayaIOS";
			};
			name = Release;
		};
		90B0C7062DE179F2004705DD /* Debug */ = {
			isa = XCBuildConfiguration;
			buildSettings = {
				CODE_SIGN_STYLE = Automatic;
				CURRENT_PROJECT_VERSION = 1;
				GENERATE_INFOPLIST_FILE = YES;
				MARKETING_VERSION = 1.0;
				PRODUCT_BUNDLE_IDENTIFIER = com.example.ProjectMayaIOSUITests;
				PRODUCT_NAME = "$(TARGET_NAME)";
				SWIFT_EMIT_LOC_STRINGS = NO;
				SWIFT_VERSION = 5.0;
				TARGETED_DEVICE_FAMILY = "1,2";
				TEST_TARGET_NAME = ProjectMayaIOS;
			};
			name = Debug;
		};
		90B0C7072DE179F2004705DD /* Release */ = {
			isa = XCBuildConfiguration;
			buildSettings = {
				CODE_SIGN_STYLE = Automatic;
				CURRENT_PROJECT_VERSION = 1;
				GENERATE_INFOPLIST_FILE = YES;
				MARKETING_VERSION = 1.0;
				PRODUCT_BUNDLE_IDENTIFIER = com.example.ProjectMayaIOSUITests;
				PRODUCT_NAME = "$(TARGET_NAME)";
				SWIFT_EMIT_LOC_STRINGS = NO;
				SWIFT_VERSION = 5.0;
				TARGETED_DEVICE_FAMILY = "1,2";
				TEST_TARGET_NAME = ProjectMayaIOS;
			};
			name = Release;
		};
/* End XCBuildConfiguration section */

/* Begin XCConfigurationList section */
		90B0C6D12DE179F1004705DD /* Build configuration list for PBXProject "ProjectMayaIOS" */ = {
			isa = XCConfigurationList;
			buildConfigurations = (
				90B0C7002DE179F2004705DD /* Debug */,
				90B0C7012DE179F2004705DD /* Release */,
			);
			defaultConfigurationIsVisible = 0;
			defaultConfigurationName = Release;
		};
		90B0C6FD2DE179F2004705DD /* Build configuration list for PBXNativeTarget "ProjectMayaIOS" */ = {
			isa = XCConfigurationList;
			buildConfigurations = (
				90B0C6FE2DE179F2004705DD /* Debug */,
				90B0C6FF2DE179F2004705DD /* Release */,
			);
			defaultConfigurationIsVisible = 0;
			defaultConfigurationName = Release;
		};
		90B0C7022DE179F2004705DD /* Build configuration list for PBXNativeTarget "ProjectMayaIOSTests" */ = {
			isa = XCConfigurationList;
			buildConfigurations = (
				90B0C7032DE179F2004705DD /* Debug */,
				90B0C7042DE179F2004705DD /* Release */,
			);
			defaultConfigurationIsVisible = 0;
			defaultConfigurationName = Release;
		};
		90B0C7052DE179F2004705DD /* Build configuration list for PBXNativeTarget "ProjectMayaIOSUITests" */ = {
			isa = XCConfigurationList;
			buildConfigurations = (
				90B0C7062DE179F2004705DD /* Debug */,
				90B0C7072DE179F2004705DD /* Release */,
			);
			defaultConfigurationIsVisible = 0;
			defaultConfigurationName = Release;
		};
/* End XCConfigurationList section */

/* Begin XCRemoteSwiftPackageReference section */
		488868612FCF278B0054C6E6 /* XCRemoteSwiftPackageReference "mlx-swift-lm" */ = {
			isa = XCRemoteSwiftPackageReference;
			repositoryURL = "https://github.com/ml-explore/mlx-swift-lm";
			requirement = {
				kind = upToNextMajorVersion;
				minimumVersion = 3.31.3;
			};
		};
		488868722FCF5A920054C6E6 /* XCRemoteSwiftPackageReference "swift-transformers" */ = {
			isa = XCRemoteSwiftPackageReference;
			repositoryURL = "https://github.com/huggingface/swift-transformers.git";
			requirement = {
				kind = upToNextMajorVersion;
				minimumVersion = 1.3.3;
			};
		};
		488868752FCF5A920054C6E6 /* XCRemoteSwiftPackageReference "swift-huggingface" */ = {
			isa = XCRemoteSwiftPackageReference;
			repositoryURL = "https://github.com/huggingface/swift-huggingface.git";
			requirement = {
				kind = upToNextMajorVersion;
				minimumVersion = 0.9.0;
			};
		};
		90B0C73E2DE17F42004705DD /* XCRemoteSwiftPackageReference "Inject" */ = {
			isa = XCRemoteSwiftPackageReference;
			repositoryURL = "https://github.com/krzysztofzablocki/Inject.git";
			requirement = {
				kind = upToNextMajorVersion;
				minimumVersion = 1.5.2;
			};
		};
/* End XCRemoteSwiftPackageReference section */

/* Begin XCSwiftPackageProductDependency section */
		488868682FCF278B0054C6E6 /* MLXHuggingFace */ = {
			isa = XCSwiftPackageProductDependency;
			package = 488868612FCF278B0054C6E6 /* XCRemoteSwiftPackageReference "mlx-swift-lm" */;
			productName = MLXHuggingFace;
		};
		4888686A2FCF278B0054C6E6 /* MLXLLM */ = {
			isa = XCSwiftPackageProductDependency;
			package = 488868612FCF278B0054C6E6 /* XCRemoteSwiftPackageReference "mlx-swift-lm" */;
			productName = MLXLLM;
		};
		4888686C2FCF278B0054C6E6 /* MLXLMCommon */ = {
			isa = XCSwiftPackageProductDependency;
			package = 488868612FCF278B0054C6E6 /* XCRemoteSwiftPackageReference "mlx-swift-lm" */;
			productName = MLXLMCommon;
		};
		488868702FCF5A920054C6E6 /* HuggingFace */ = {
			isa = XCSwiftPackageProductDependency;
			package = 488868752FCF5A920054C6E6 /* XCRemoteSwiftPackageReference "swift-huggingface" */;
			productName = HuggingFace;
		};
		488868732FCF5A920054C6E6 /* Tokenizers */ = {
			isa = XCSwiftPackageProductDependency;
			package = 488868722FCF5A920054C6E6 /* XCRemoteSwiftPackageReference "swift-transformers" */;
			productName = Tokenizers;
		};
/* End XCSwiftPackageProductDependency section */
	};
	rootObject = 90B0C6CE2DE179F1004705DD /* Project object */;
}
